
Microsoft Visual Studio Solution File, Format Version 12.00
# Visual Studio Version 17
VisualStudioVersion = 17.2.32630.192
MinimumVisualStudioVersion = 10.0.40219.1
Project("{FAE04EC0-301F-11D3-BF4B-00C04F79EFBC}") = "Carte2", "Carte2\Carte2.csproj", "{543938F5-908A-400F-8461-D84BCA8955E0}"
EndProject
Project("{FAE04EC0-301F-11D3-BF4B-00C04F79EFBC}") = "Carte2Layer.Domain", "Carte2Layer.Domain\Carte2Layer.Domain.csproj", "{35CE13A8-1CFF-4E4A-800C-4691D6E3B911}"
EndProject
Project("{FAE04EC0-301F-11D3-BF4B-00C04F79EFBC}") = "carte2Layer.Infrastructure", "carte2Layer.Infrastructure\carte2Layer.Infrastructure.csproj", "{7DCA73C8-B645-4A8F-9DBE-5D44B99C2045}"
EndProject
Global
	GlobalSection(SolutionConfigurationPlatforms) = preSolution
		Debug|Any CPU = Debug|Any CPU
		Release|Any CPU = Release|Any CPU
	EndGlobalSection
	GlobalSection(ProjectConfigurationPlatforms) = postSolution
		{543938F5-908A-400F-8461-D84BCA8955E0}.Debug|Any CPU.ActiveCfg = Debug|Any CPU
		{543938F5-908A-400F-8461-D84BCA8955E0}.Debug|Any CPU.Build.0 = Debug|Any CPU
		{543938F5-908A-400F-8461-D84BCA8955E0}.Release|Any CPU.ActiveCfg = Release|Any CPU
		{543938F5-908A-400F-8461-D84BCA8955E0}.Release|Any CPU.Build.0 = Release|Any CPU
		{35CE13A8-1CFF-4E4A-800C-4691D6E3B911}.Debug|Any CPU.ActiveCfg = Debug|Any CPU
		{35CE13A8-1CFF-4E4A-800C-4691D6E3B911}.Debug|Any CPU.Build.0 = Debug|Any CPU
		{35CE13A8-1CFF-4E4A-800C-4691D6E3B911}.Release|Any CPU.ActiveCfg = Release|Any CPU
		{35CE13A8-1CFF-4E4A-800C-4691D6E3B911}.Release|Any CPU.Build.0 = Release|Any CPU
		{7DCA73C8-B645-4A8F-9DBE-5D44B99C2045}.Debug|Any CPU.ActiveCfg = Debug|Any CPU
		{7DCA73C8-B645-4A8F-9DBE-5D44B99C2045}.Debug|Any CPU.Build.0 = Debug|Any CPU
		{7DCA73C8-B645-4A8F-9DBE-5D44B99C2045}.Release|Any CPU.ActiveCfg = Release|Any CPU
		{7DCA73C8-B645-4A8F-9DBE-5D44B99C2045}.Release|Any CPU.Build.0 = Release|Any CPU
	EndGlobalSection
	GlobalSection(SolutionProperties) = preSolution
		HideSolutionNode = FALSE
	EndGlobalSection
	GlobalSection(ExtensibilityGlobals) = postSolution
		SolutionGuid = {AAD530BD-A05A-4E31-9659-8C4A82702712}
	EndGlobalSection
EndGlobal
